
Microsoft Visual Studio Solution File, Format Version 12.00
# Visual Studio Version 16
VisualStudioVersion = 16.0.30413.136
MinimumVisualStudioVersion = 10.0.40219.1
Project("{FAE04EC0-301F-11D3-BF4B-00C04F79EFBC}") = "NullVersionOfTeorver", "NullVersionOfTeorver\NullVersionOfTeorver.csproj", "{DAA08A40-B438-499F-A51E-F74A07D3D3C1}"
EndProject
Global
	GlobalSection(SolutionConfigurationPlatforms) = preSolution
		Debug|Any CPU = Debug|Any CPU
		Release|Any CPU = Release|Any CPU
	EndGlobalSection
	GlobalSection(ProjectConfigurationPlatforms) = postSolution
		{DAA08A40-B438-499F-A51E-F74A07D3D3C1}.Debug|Any CPU.ActiveCfg = Debug|Any CPU
		{DAA08A40-B438-499F-A51E-F74A07D3D3C1}.Debug|Any CPU.Build.0 = Debug|Any CPU
		{DAA08A40-B438-499F-A51E-F74A07D3D3C1}.Release|Any CPU.ActiveCfg = Release|Any CPU
		{DAA08A40-B438-499F-A51E-F74A07D3D3C1}.Release|Any CPU.Build.0 = Release|Any CPU
	EndGlobalSection
	GlobalSection(SolutionProperties) = preSolution
		HideSolutionNode = FALSE
	EndGlobalSection
	GlobalSection(ExtensibilityGlobals) = postSolution
		SolutionGuid = {B3C9A9CA-D800-45C8-A52E-E462A7645302}
	EndGlobalSection
EndGlobal
